
Microsoft Visual Studio Solution File, Format Version 12.00
# Visual Studio Version 17
VisualStudioVersion = 17.10.35027.167
MinimumVisualStudioVersion = 10.0.40219.1
Project("{FAE04EC0-301F-11D3-BF4B-00C04F79EFBC}") = "ZoneTree.FullTextSaearch", "ZoneTree.FullTextSaearch\ZoneTree.FullTextSaearch.csproj", "{4D523741-A221-496B-A967-FB99E0850924}"
EndProject
Project("{FAE04EC0-301F-11D3-BF4B-00C04F79EFBC}") = "ZoneTree.FullTextSearch.Playground", "ZoneTree.FullTextSearch.Playground\ZoneTree.FullTextSearch.Playground.csproj", "{F1E65DA5-215B-43B8-BC12-72BD8C8E4FDF}"
EndProject
Project("{FAE04EC0-301F-11D3-BF4B-00C04F79EFBC}") = "ZoneTree.FullTextSearch.UnitTests", "ZoneTree.FullTextSearch.UnitTests\ZoneTree.FullTextSearch.UnitTests.csproj", "{7582B8D5-C1D7-4860-A1F4-EA37DE586AB7}"
EndProject
Project("{2150E333-8FDC-42A3-9474-1A3956D46DE8}") = "Solution Items", "Solution Items", "{AACD469C-0269-4B97-A8DC-15F714EC768B}"
	ProjectSection(SolutionItems) = preProject
		.editorconfig = .editorconfig
	EndProjectSection
EndProject
Global
	GlobalSection(SolutionConfigurationPlatforms) = preSolution
		Debug|Any CPU = Debug|Any CPU
		Release|Any CPU = Release|Any CPU
	EndGlobalSection
	GlobalSection(ProjectConfigurationPlatforms) = postSolution
		{4D523741-A221-496B-A967-FB99E0850924}.Debug|Any CPU.ActiveCfg = Debug|Any CPU
		{4D523741-A221-496B-A967-FB99E0850924}.Debug|Any CPU.Build.0 = Debug|Any CPU
		{4D523741-A221-496B-A967-FB99E0850924}.Release|Any CPU.ActiveCfg = Release|Any CPU
		{4D523741-A221-496B-A967-FB99E0850924}.Release|Any CPU.Build.0 = Release|Any CPU
		{F1E65DA5-215B-43B8-BC12-72BD8C8E4FDF}.Debug|Any CPU.ActiveCfg = Debug|Any CPU
		{F1E65DA5-215B-43B8-BC12-72BD8C8E4FDF}.Debug|Any CPU.Build.0 = Debug|Any CPU
		{F1E65DA5-215B-43B8-BC12-72BD8C8E4FDF}.Release|Any CPU.ActiveCfg = Release|Any CPU
		{F1E65DA5-215B-43B8-BC12-72BD8C8E4FDF}.Release|Any CPU.Build.0 = Release|Any CPU
		{7582B8D5-C1D7-4860-A1F4-EA37DE586AB7}.Debug|Any CPU.ActiveCfg = Debug|Any CPU
		{7582B8D5-C1D7-4860-A1F4-EA37DE586AB7}.Debug|Any CPU.Build.0 = Debug|Any CPU
		{7582B8D5-C1D7-4860-A1F4-EA37DE586AB7}.Release|Any CPU.ActiveCfg = Release|Any CPU
		{7582B8D5-C1D7-4860-A1F4-EA37DE586AB7}.Release|Any CPU.Build.0 = Release|Any CPU
	EndGlobalSection
	GlobalSection(SolutionProperties) = preSolution
		HideSolutionNode = FALSE
	EndGlobalSection
	GlobalSection(ExtensibilityGlobals) = postSolution
		SolutionGuid = {F8CCAFE3-B816-4A08-B0A2-25FB05E1FC6A}
	EndGlobalSection
EndGlobal
